// !$*UTF8*$!
{
	archiveVersion = 1;
	classes = {
	};
	objectVersion = 51;
	objects = {

/* Begin PBXBuildFile section */
		1261791323E66D4100820F9C /* AppDelegate.swift in Sources */ = {isa = PBXBuildFile; fileRef = 1261791223E66D4100820F9C /* AppDelegate.swift */; };
		1261791523E66D4100820F9C /* SceneDelegate.swift in Sources */ = {isa = PBXBuildFile; fileRef = 1261791423E66D4100820F9C /* SceneDelegate.swift */; };
		1261791A23E66D4100820F9C /* Main.storyboard in Resources */ = {isa = PBXBuildFile; fileRef = 1261791823E66D4100820F9C /* Main.storyboard */; };
		1261791C23E66D4300820F9C /* Assets.xcassets in Resources */ = {isa = PBXBuildFile; fileRef = 1261791B23E66D4300820F9C /* Assets.xcassets */; };
		1261791F23E66D4300820F9C /* LaunchScreen.storyboard in Resources */ = {isa = PBXBuildFile; fileRef = 1261791D23E66D4300820F9C /* LaunchScreen.storyboard */; };
		1261792A23E66D4300820F9C /* flixsterTests.swift in Sources */ = {isa = PBXBuildFile; fileRef = 1261792923E66D4300820F9C /* flixsterTests.swift */; };
		1261793523E66D4300820F9C /* flixsterUITests.swift in Sources */ = {isa = PBXBuildFile; fileRef = 1261793423E66D4300820F9C /* flixsterUITests.swift */; };
		1261794323E66E9B00820F9C /* MoviesViewController.swift in Sources */ = {isa = PBXBuildFile; fileRef = 1261794223E66E9B00820F9C /* MoviesViewController.swift */; };
		1261794523E78C0500820F9C /* MovieCell.swift in Sources */ = {isa = PBXBuildFile; fileRef = 1261794423E78C0500820F9C /* MovieCell.swift */; };
		1261794723E8E3F300820F9C /* MovieDetailsViewController.swift in Sources */ = {isa = PBXBuildFile; fileRef = 1261794623E8E3F300820F9C /* MovieDetailsViewController.swift */; };
		1261794923E8F2B000820F9C /* MovieGridViewController.swift in Sources */ = {isa = PBXBuildFile; fileRef = 1261794823E8F2B000820F9C /* MovieGridViewController.swift */; };
		1261794B23E8F52800820F9C /* MovieGridCell.swift in Sources */ = {isa = PBXBuildFile; fileRef = 1261794A23E8F52800820F9C /* MovieGridCell.swift */; };
		386EC7DB72CAF3E4E34ABBFC /* Pods_flixsterTests.framework in Frameworks */ = {isa = PBXBuildFile; fileRef = 1962381F6F9CBDF386EC9219 /* Pods_flixsterTests.framework */; };
		624C7C7E0D1D3C4DACDE5E73 /* Pods_flixster_flixsterUITests.framework in Frameworks */ = {isa = PBXBuildFile; fileRef = 466598E7F12E80048F8F59DB /* Pods_flixster_flixsterUITests.framework */; };
		961F7FFD746FAD568D9C5307 /* Pods_flixster.framework in Frameworks */ = {isa = PBXBuildFile; fileRef = 931387271508F34A33DF7AAE /* Pods_flixster.framework */; };
/* End PBXBuildFile section */

/* Begin PBXContainerItemProxy section */
		1261792623E66D4300820F9C /* PBXContainerItemProxy */ = {
			isa = PBXContainerItemProxy;
			containerPortal = 1261790723E66D4100820F9C /* Project object */;
			proxyType = 1;
			remoteGlobalIDString = 1261790E23E66D4100820F9C;
			remoteInfo = flixster;
		};
		1261793123E66D4300820F9C /* PBXContainerItemProxy */ = {
			isa = PBXContainerItemProxy;
			containerPortal = 1261790723E66D4100820F9C /* Project object */;
			proxyType = 1;
			remoteGlobalIDString = 1261790E23E66D4100820F9C;
			remoteInfo = flixster;
		};
/* End PBXContainerItemProxy section */

/* Begin PBXFileReference section */
		1261790F23E66D4100820F9C /* flixster.app */ = {isa = PBXFileReference; explicitFileType = wrapper.application; includeInIndex = 0; path = flixster.app; sourceTree = BUILT_PRODUCTS_DIR; };
		1261791223E66D4100820F9C /* AppDelegate.swift */ = {isa = PBXFileReference; lastKnownFileType = sourcecode.swift; path = AppDelegate.swift; sourceTree = "<group>"; };
		1261791423E66D4100820F9C /* SceneDelegate.swift */ = {isa = PBXFileReference; lastKnownFileType = sourcecode.swift; path = SceneDelegate.swift; sourceTree = "<group>"; };
		1261791923E66D4100820F9C /* Base */ = {isa = PBXFileReference; lastKnownFileType = file.storyboard; name = Base; path = Base.lproj/Main.storyboard; sourceTree = "<group>"; };
		1261791B23E66D4300820F9C /* Assets.xcassets */ = {isa = PBXFileReference; lastKnownFileType = folder.assetcatalog; path = Assets.xcassets; sourceTree = "<group>"; };
		1261791E23E66D4300820F9C /* Base */ = {isa = PBXFileReference; lastKnownFileType = file.storyboard; name = Base; path = Base.lproj/LaunchScreen.storyboard; sourceTree = "<group>"; };
		1261792023E66D4300820F9C /* Info.plist */ = {isa = PBXFileReference; lastKnownFileType = text.plist.xml; path = Info.plist; sourceTree = "<group>"; };
		1261792523E66D4300820F9C /* flixsterTests.xctest */ = {isa = PBXFileReference; explicitFileType = wrapper.cfbundle; includeInIndex = 0; path = flixsterTests.xctest; sourceTree = BUILT_PRODUCTS_DIR; };
		1261792923E66D4300820F9C /* flixsterTests.swift */ = {isa = PBXFileReference; lastKnownFileType = sourcecode.swift; path = flixsterTests.swift; sourceTree = "<group>"; };
		1261792B23E66D4300820F9C /* Info.plist */ = {isa = PBXFileReference; lastKnownFileType = text.plist.xml; path = Info.plist; sourceTree = "<group>"; };
		1261793023E66D4300820F9C /* flixsterUITests.xctest */ = {isa = PBXFileReference; explicitFileType = wrapper.cfbundle; includeInIndex = 0; path = flixsterUITests.xctest; sourceTree = BUILT_PRODUCTS_DIR; };
		1261793423E66D4300820F9C /* flixsterUITests.swift */ = {isa = PBXFileReference; lastKnownFileType = sourcecode.swift; path = flixsterUITests.swift; sourceTree = "<group>"; };
		1261793623E66D4300820F9C /* Info.plist */ = {isa = PBXFileReference; lastKnownFileType = text.plist.xml; path = Info.plist; sourceTree = "<group>"; };
		1261794223E66E9B00820F9C /* MoviesViewController.swift */ = {isa = PBXFileReference; lastKnownFileType = sourcecode.swift; path = MoviesViewController.swift; sourceTree = "<group>"; };
		1261794423E78C0500820F9C /* MovieCell.swift */ = {isa = PBXFileReference; lastKnownFileType = sourcecode.swift; path = MovieCell.swift; sourceTree = "<group>"; };
		1261794623E8E3F300820F9C /* MovieDetailsViewController.swift */ = {isa = PBXFileReference; lastKnownFileType = sourcecode.swift; path = MovieDetailsViewController.swift; sourceTree = "<group>"; };
		1261794823E8F2B000820F9C /* MovieGridViewController.swift */ = {isa = PBXFileReference; lastKnownFileType = sourcecode.swift; path = MovieGridViewController.swift; sourceTree = "<group>"; };
		1261794A23E8F52800820F9C /* MovieGridCell.swift */ = {isa = PBXFileReference; lastKnownFileType = sourcecode.swift; path = MovieGridCell.swift; sourceTree = "<group>"; };
		1962381F6F9CBDF386EC9219 /* Pods_flixsterTests.framework */ = {isa = PBXFileReference; explicitFileType = wrapper.framework; includeInIndex = 0; path = Pods_flixsterTests.framework; sourceTree = BUILT_PRODUCTS_DIR; };
		3902AEB42D6177C69CAF7F5C /* Pods-flixster-flixsterUITests.release.xcconfig */ = {isa = PBXFileReference; includeInIndex = 1; lastKnownFileType = text.xcconfig; name = "Pods-flixster-flixsterUITests.release.xcconfig"; path = "Target Support Files/Pods-flixster-flixsterUITests/Pods-flixster-flixsterUITests.release.xcconfig"; sourceTree = "<group>"; };
		3932CBA938A64700B036E297 /* Pods-flixster.release.xcconfig */ = {isa = PBXFileReference; includeInIndex = 1; lastKnownFileType = text.xcconfig; name = "Pods-flixster.release.xcconfig"; path = "Target Support Files/Pods-flixster/Pods-flixster.release.xcconfig"; sourceTree = "<group>"; };
		466598E7F12E80048F8F59DB /* Pods_flixster_flixsterUITests.framework */ = {isa = PBXFileReference; explicitFileType = wrapper.framework; includeInIndex = 0; path = Pods_flixster_flixsterUITests.framework; sourceTree = BUILT_PRODUCTS_DIR; };
		646CB5B21BE5E51A4F0A2FA0 /* Pods-flixster-flixsterUITests.debug.xcconfig */ = {isa = PBXFileReference; includeInIndex = 1; lastKnownFileType = text.xcconfig; name = "Pods-flixster-flixsterUITests.debug.xcconfig"; path = "Target Support Files/Pods-flixster-flixsterUITests/Pods-flixster-flixsterUITests.debug.xcconfig"; sourceTree = "<group>"; };
		71578C98A9C9E63AADCACDBE /* Pods-flixsterTests.release.xcconfig */ = {isa = PBXFileReference; includeInIndex = 1; lastKnownFileType = text.xcconfig; name = "Pods-flixsterTests.release.xcconfig"; path = "Target Support Files/Pods-flixsterTests/Pods-flixsterTests.release.xcconfig"; sourceTree = "<group>"; };
		931387271508F34A33DF7AAE /* Pods_flixster.framework */ = {isa = PBXFileReference; explicitFileType = wrapper.framework; includeInIndex = 0; path = Pods_flixster.framework; sourceTree = BUILT_PRODUCTS_DIR; };
		C2804B80D166FFD0A150A449 /* Pods-flixster.debug.xcconfig */ = {isa = PBXFileReference; includeInIndex = 1; lastKnownFileType = text.xcconfig; name = "Pods-flixster.debug.xcconfig"; path = "Target Support Files/Pods-flixster/Pods-flixster.debug.xcconfig"; sourceTree = "<group>"; };
		FE83B0B2C10F371083700683 /* Pods-flixsterTests.debug.xcconfig */ = {isa = PBXFileReference; includeInIndex = 1; lastKnownFileType = text.xcconfig; name = "Pods-flixsterTests.debug.xcconfig"; path = "Target Support Files/Pods-flixsterTests/Pods-flixsterTests.debug.xcconfig"; sourceTree = "<group>"; };
/* End PBXFileReference section */

/* Begin PBXFrameworksBuildPhase section */
		1261790C23E66D4100820F9C /* Frameworks */ = {
			isa = PBXFrameworksBuildPhase;
			buildActionMask = 2147483647;
			files = (
				961F7FFD746FAD568D9C5307 /* Pods_flixster.framework in Frameworks */,
			);
			runOnlyForDeploymentPostprocessing = 0;
		};
		1261792223E66D4300820F9C /* Frameworks */ = {
			isa = PBXFrameworksBuildPhase;
			buildActionMask = 2147483647;
			files = (
				386EC7DB72CAF3E4E34ABBFC /* Pods_flixsterTests.framework in Frameworks */,
			);
			runOnlyForDeploymentPostprocessing = 0;
		};
		1261792D23E66D4300820F9C /* Frameworks */ = {
			isa = PBXFrameworksBuildPhase;
			buildActionMask = 2147483647;
			files = (
				624C7C7E0D1D3C4DACDE5E73 /* Pods_flixster_flixsterUITests.framework in Frameworks */,
			);
			runOnlyForDeploymentPostprocessing = 0;
		};
/* End PBXFrameworksBuildPhase section */

/* Begin PBXGroup section */
		1261790623E66D4100820F9C = {
			isa = PBXGroup;
			children = (
				1261791123E66D4100820F9C /* flixster */,
				1261792823E66D4300820F9C /* flixsterTests */,
				1261793323E66D4300820F9C /* flixsterUITests */,
				1261791023E66D4100820F9C /* Products */,
				A833066C958054D42F7D569C /* Pods */,
				5DB74DC9DB26B0E3A28E4703 /* Frameworks */,
			);
			sourceTree = "<group>";
		};
		1261791023E66D4100820F9C /* Products */ = {
			isa = PBXGroup;
			children = (
				1261790F23E66D4100820F9C /* flixster.app */,
				1261792523E66D4300820F9C /* flixsterTests.xctest */,
				1261793023E66D4300820F9C /* flixsterUITests.xctest */,
			);
			name = Products;
			sourceTree = "<group>";
		};
		1261791123E66D4100820F9C /* flixster */ = {
			isa = PBXGroup;
			children = (
				1261791223E66D4100820F9C /* AppDelegate.swift */,
				1261791423E66D4100820F9C /* SceneDelegate.swift */,
				1261791823E66D4100820F9C /* Main.storyboard */,
				1261791B23E66D4300820F9C /* Assets.xcassets */,
				1261791D23E66D4300820F9C /* LaunchScreen.storyboard */,
				1261792023E66D4300820F9C /* Info.plist */,
				1261794223E66E9B00820F9C /* MoviesViewController.swift */,
				1261794423E78C0500820F9C /* MovieCell.swift */,
				1261794623E8E3F300820F9C /* MovieDetailsViewController.swift */,
				1261794823E8F2B000820F9C /* MovieGridViewController.swift */,
				1261794A23E8F52800820F9C /* MovieGridCell.swift */,
			);
			path = flixster;
			sourceTree = "<group>";
		};
		1261792823E66D4300820F9C /* flixsterTests */ = {
			isa = PBXGroup;
			children = (
				1261792923E66D4300820F9C /* flixsterTests.swift */,
				1261792B23E66D4300820F9C /* Info.plist */,
			);
			path = flixsterTests;
			sourceTree = "<group>";
		};
		1261793323E66D4300820F9C /* flixsterUITests */ = {
			isa = PBXGroup;
			children = (
				1261793423E66D4300820F9C /* flixsterUITests.swift */,
				1261793623E66D4300820F9C /* Info.plist */,
			);
			path = flixsterUITests;
			sourceTree = "<group>";
		};
		5DB74DC9DB26B0E3A28E4703 /* Frameworks */ = {
			isa = PBXGroup;
			children = (
				931387271508F34A33DF7AAE /* Pods_flixster.framework */,
				466598E7F12E80048F8F59DB /* Pods_flixster_flixsterUITests.framework */,
				1962381F6F9CBDF386EC9219 /* Pods_flixsterTests.framework */,
			);
			name = Frameworks;
			sourceTree = "<group>";
		};
		A833066C958054D42F7D569C /* Pods */ = {
			isa = PBXGroup;
			children = (
				C2804B80D166FFD0A150A449 /* Pods-flixster.debug.xcconfig */,
				3932CBA938A64700B036E297 /* Pods-flixster.release.xcconfig */,
				646CB5B21BE5E51A4F0A2FA0 /* Pods-flixster-flixsterUITests.debug.xcconfig */,
				3902AEB42D6177C69CAF7F5C /* Pods-flixster-flixsterUITests.release.xcconfig */,
				FE83B0B2C10F371083700683 /* Pods-flixsterTests.debug.xcconfig */,
				71578C98A9C9E63AADCACDBE /* Pods-flixsterTests.release.xcconfig */,
			);
			path = Pods;
			sourceTree = "<group>";
		};
/* End PBXGroup section */

/* Begin PBXNativeTarget section */
		1261790E23E66D4100820F9C /* flixster */ = {
			isa = PBXNativeTarget;
			buildConfigurationList = 1261793923E66D4300820F9C /* Build configuration list for PBXNativeTarget "flixster" */;
			buildPhases = (
				C2ACAC885C64F984D2E4A1DF /* [CP] Check Pods Manifest.lock */,
				1261790B23E66D4100820F9C /* Sources */,
				1261790C23E66D4100820F9C /* Frameworks */,
				1261790D23E66D4100820F9C /* Resources */,
				A44C5B04CA152F1EF026BFCF /* [CP] Embed Pods Frameworks */,
			);
			buildRules = (
			);
			dependencies = (
			);
			name = flixster;
			productName = flixster;
			productReference = 1261790F23E66D4100820F9C /* flixster.app */;
			productType = "com.apple.product-type.application";
		};
		1261792423E66D4300820F9C /* flixsterTests */ = {
			isa = PBXNativeTarget;
			buildConfigurationList = 1261793C23E66D4300820F9C /* Build configuration list for PBXNativeTarget "flixsterTests" */;
			buildPhases = (
				22CD539596D6CD61E6A8CE1B /* [CP] Check Pods Manifest.lock */,
				1261792123E66D4300820F9C /* Sources */,
				1261792223E66D4300820F9C /* Frameworks */,
				1261792323E66D4300820F9C /* Resources */,
			);
			buildRules = (
			);
			dependencies = (
				1261792723E66D4300820F9C /* PBXTargetDependency */,
			);
			name = flixsterTests;
			productName = flixsterTests;
			productReference = 1261792523E66D4300820F9C /* flixsterTests.xctest */;
			productType = "com.apple.product-type.bundle.unit-test";
		};
		1261792F23E66D4300820F9C /* flixsterUITests */ = {
			isa = PBXNativeTarget;
			buildConfigurationList = 1261793F23E66D4300820F9C /* Build configuration list for PBXNativeTarget "flixsterUITests" */;
			buildPhases = (
				35DEB899B7FCC35E8B0814F2 /* [CP] Check Pods Manifest.lock */,
				1261792C23E66D4300820F9C /* Sources */,
				1261792D23E66D4300820F9C /* Frameworks */,
				1261792E23E66D4300820F9C /* Resources */,
				2448C00F4447A49F4C6D6CFC /* [CP] Embed Pods Frameworks */,
			);
			buildRules = (
			);
			dependencies = (
				1261793223E66D4300820F9C /* PBXTargetDependency */,
			);
			name = flixsterUITests;
			productName = flixsterUITests;
			productReference = 1261793023E66D4300820F9C /* flixsterUITests.xctest */;
			productType = "com.apple.product-type.bundle.ui-testing";
		};
/* End PBXNativeTarget section */

/* Begin PBXProject section */
		1261790723E66D4100820F9C /* Project object */ = {
			isa = PBXProject;
			attributes = {
				LastSwiftUpdateCheck = 1130;
				LastUpgradeCheck = 1130;
				ORGANIZATIONNAME = "Soyon Kim";
				TargetAttributes = {
					1261790E23E66D4100820F9C = {
						CreatedOnToolsVersion = 11.3.1;
					};
					1261792423E66D4300820F9C = {
						CreatedOnToolsVersion = 11.3.1;
						TestTargetID = 1261790E23E66D4100820F9C;
					};
					1261792F23E66D4300820F9C = {
						CreatedOnToolsVersion = 11.3.1;
						TestTargetID = 1261790E23E66D4100820F9C;
					};
				};
			};
			buildConfigurationList = 1261790A23E66D4100820F9C /* Build configuration list for PBXProject "flixster" */;
			compatibilityVersion = "Xcode 9.3";
			developmentRegion = en;
			hasScannedForEncodings = 0;
			knownRegions = (
				en,
				Base,
			);
			mainGroup = 1261790623E66D4100820F9C;
			productRefGroup = 1261791023E66D4100820F9C /* Products */;
			projectDirPath = "";
			projectRoot = "";
			targets = (
				1261790E23E66D4100820F9C /* flixster */,
				1261792423E66D4300820F9C /* flixsterTests */,
				1261792F23E66D4300820F9C /* flixsterUITests */,
			);
		};
/* End PBXProject section */

/* Begin PBXResourcesBuildPhase section */
		1261790D23E66D4100820F9C /* Resources */ = {
			isa = PBXResourcesBuildPhase;
			buildActionMask = 2147483647;
			files = (
				1261791F23E66D4300820F9C /* LaunchScreen.storyboard in Resources */,
				1261791C23E66D4300820F9C /* Assets.xcassets in Resources */,
				1261791A23E66D4100820F9C /* Main.storyboard in Resources */,
			);
			runOnlyForDeploymentPostprocessing = 0;
		};
		1261792323E66D4300820F9C /* Resources */ = {
			isa = PBXResourcesBuildPhase;
			buildActionMask = 2147483647;
			files = (
			);
			runOnlyForDeploymentPostprocessing = 0;
		};
		1261792E23E66D4300820F9C /* Resources */ = {
			isa = PBXResourcesBuildPhase;
			buildActionMask = 2147483647;
			files = (
			);
			runOnlyForDeploymentPostprocessing = 0;
		};
/* End PBXResourcesBuildPhase section */

/* Begin PBXShellScriptBuildPhase section */
		22CD539596D6CD61E6A8CE1B /* [CP] Check Pods Manifest.lock */ = {
			isa = PBXShellScriptBuildPhase;
			buildActionMask = 2147483647;
			files = (
			);
			inputFileListPaths = (
			);
			inputPaths = (
				"${PODS_PODFILE_DIR_PATH}/Podfile.lock",
				"${PODS_ROOT}/Manifest.lock",
			);
			name = "[CP] Check Pods Manifest.lock";
			outputFileListPaths = (
			);
			outputPaths = (
				"$(DERIVED_FILE_DIR)/Pods-flixsterTests-checkManifestLockResult.txt",
			);
			runOnlyForDeploymentPostprocessing = 0;
			shellPath = /bin/sh;
			shellScript = "diff \"${PODS_PODFILE_DIR_PATH}/Podfile.lock\" \"${PODS_ROOT}/Manifest.lock\" > /dev/null\nif [ $? != 0 ] ; then\n    # print error to STDERR\n    echo \"error: The sandbox is not in sync with the Podfile.lock. Run 'pod install' or update your CocoaPods installation.\" >&2\n    exit 1\nfi\n# This output is used by Xcode 'outputs' to avoid re-running this script phase.\necho \"SUCCESS\" > \"${SCRIPT_OUTPUT_FILE_0}\"\n";
			showEnvVarsInLog = 0;
		};
		2448C00F4447A49F4C6D6CFC /* [CP] Embed Pods Frameworks */ = {
			isa = PBXShellScriptBuildPhase;
			buildActionMask = 2147483647;
			files = (
			);
			inputFileListPaths = (
				"${PODS_ROOT}/Target Support Files/Pods-flixster-flixsterUITests/Pods-flixster-flixsterUITests-frameworks-${CONFIGURATION}-input-files.xcfilelist",
			);
			name = "[CP] Embed Pods Frameworks";
			outputFileListPaths = (
				"${PODS_ROOT}/Target Support Files/Pods-flixster-flixsterUITests/Pods-flixster-flixsterUITests-frameworks-${CONFIGURATION}-output-files.xcfilelist",
			);
			runOnlyForDeploymentPostprocessing = 0;
			shellPath = /bin/sh;
			shellScript = "\"${PODS_ROOT}/Target Support Files/Pods-flixster-flixsterUITests/Pods-flixster-flixsterUITests-frameworks.sh\"\n";
			showEnvVarsInLog = 0;
		};
		35DEB899B7FCC35E8B0814F2 /* [CP] Check Pods Manifest.lock */ = {
			isa = PBXShellScriptBuildPhase;
			buildActionMask = 2147483647;
			files = (
			);
			inputFileListPaths = (
			);
			inputPaths = (
				"${PODS_PODFILE_DIR_PATH}/Podfile.lock",
				"${PODS_ROOT}/Manifest.lock",
			);
			name = "[CP] Check Pods Manifest.lock";
			outputFileListPaths = (
			);
			outputPaths = (
				"$(DERIVED_FILE_DIR)/Pods-flixster-flixsterUITests-checkManifestLockResult.txt",
			);
			runOnlyForDeploymentPostprocessing = 0;
			shellPath = /bin/sh;
			shellScript = "diff \"${PODS_PODFILE_DIR_PATH}/Podfile.lock\" \"${PODS_ROOT}/Manifest.lock\" > /dev/null\nif [ $? != 0 ] ; then\n    # print error to STDERR\n    echo \"error: The sandbox is not in sync with the Podfile.lock. Run 'pod install' or update your CocoaPods installation.\" >&2\n    exit 1\nfi\n# This output is used by Xcode 'outputs' to avoid re-running this script phase.\necho \"SUCCESS\" > \"${SCRIPT_OUTPUT_FILE_0}\"\n";
			showEnvVarsInLog = 0;
		};
		A44C5B04CA152F1EF026BFCF /* [CP] Embed Pods Frameworks */ = {
			isa = PBXShellScriptBuildPhase;
			buildActionMask = 2147483647;
			files = (
			);
			inputFileListPaths = (
				"${PODS_ROOT}/Target Support Files/Pods-flixster/Pods-flixster-frameworks-${CONFIGURATION}-input-files.xcfilelist",
			);
			name = "[CP] Embed Pods Frameworks";
			outputFileListPaths = (
				"${PODS_ROOT}/Target Support Files/Pods-flixster/Pods-flixster-frameworks-${CONFIGURATION}-output-files.xcfilelist",
			);
			runOnlyForDeploymentPostprocessing = 0;
			shellPath = /bin/sh;
			shellScript = "\"${PODS_ROOT}/Target Support Files/Pods-flixster/Pods-flixster-frameworks.sh\"\n";
			showEnvVarsInLog = 0;
		};
		C2ACAC885C64F984D2E4A1DF /* [CP] Check Pods Manifest.lock */ = {
			isa = PBXShellScriptBuildPhase;
			buildActionMask = 2147483647;
			files = (
			);
			inputFileListPaths = (
			);
			inputPaths = (
				"${PODS_PODFILE_DIR_PATH}/Podfile.lock",
				"${PODS_ROOT}/Manifest.lock",
			);
			name = "[CP] Check Pods Manifest.lock";
			outputFileListPaths = (
			);
			outputPaths = (
				"$(DERIVED_FILE_DIR)/Pods-flixster-checkManifestLockResult.txt",
			);
			runOnlyForDeploymentPostprocessing = 0;
			shellPath = /bin/sh;
			shellScript = "diff \"${PODS_PODFILE_DIR_PATH}/Podfile.lock\" \"${PODS_ROOT}/Manifest.lock\" > /dev/null\nif [ $? != 0 ] ; then\n    # print error to STDERR\n    echo \"error: The sandbox is not in sync with the Podfile.lock. Run 'pod install' or update your CocoaPods installation.\" >&2\n    exit 1\nfi\n# This output is used by Xcode 'outputs' to avoid re-running this script phase.\necho \"SUCCESS\" > \"${SCRIPT_OUTPUT_FILE_0}\"\n";
			showEnvVarsInLog = 0;
		};
/* End PBXShellScriptBuildPhase section */

/* Begin PBXSourcesBuildPhase section */
		1261790B23E66D4100820F9C /* Sources */ = {
			isa = PBXSourcesBuildPhase;
			buildActionMask = 2147483647;
			files = (
				1261794723E8E3F300820F9C /* MovieDetailsViewController.swift in Sources */,
				1261791323E66D4100820F9C /* AppDelegate.swift in Sources */,
				1261791523E66D4100820F9C /* SceneDelegate.swift in Sources */,
				1261794523E78C0500820F9C /* MovieCell.swift in Sources */,
				1261794323E66E9B00820F9C /* MoviesViewController.swift in Sources */,
				1261794923E8F2B000820F9C /* MovieGridViewController.swift in Sources */,
				1261794B23E8F52800820F9C /* MovieGridCell.swift in Sources */,
			);
			runOnlyForDeploymentPostprocessing = 0;
		};
		1261792123E66D4300820F9C /* Sources */ = {
			isa = PBXSourcesBuildPhase;
			buildActionMask = 2147483647;
			files = (
				1261792A23E66D4300820F9C /* flixsterTests.swift in Sources */,
			);
			runOnlyForDeploymentPostprocessing = 0;
		};
		1261792C23E66D4300820F9C /* Sources */ = {
			isa = PBXSourcesBuildPhase;
			buildActionMask = 2147483647;
			files = (
				1261793523E66D4300820F9C /* flixsterUITests.swift in Sources */,
			);
			runOnlyForDeploymentPostprocessing = 0;
		};
/* End PBXSourcesBuildPhase section */

/* Begin PBXTargetDependency section */
		1261792723E66D4300820F9C /* PBXTargetDependency */ = {
			isa = PBXTargetDependency;
			target = 1261790E23E66D4100820F9C /* flixster */;
			targetProxy = 1261792623E66D4300820F9C /* PBXContainerItemProxy */;
		};
		1261793223E66D4300820F9C /* PBXTargetDependency */ = {
			isa = PBXTargetDependency;
			target = 1261790E23E66D4100820F9C /* flixster */;
			targetProxy = 1261793123E66D4300820F9C /* PBXContainerItemProxy */;
		};
/* End PBXTargetDependency section */

/* Begin PBXVariantGroup section */
		1261791823E66D4100820F9C /* Main.storyboard */ = {
			isa = PBXVariantGroup;
			children = (
				1261791923E66D4100820F9C /* Base */,
			);
			name = Main.storyboard;
			sourceTree = "<group>";
		};
		1261791D23E66D4300820F9C /* LaunchScreen.storyboard */ = {
			isa = PBXVariantGroup;
			children = (
				1261791E23E66D4300820F9C /* Base */,
			);
			name = LaunchScreen.storyboard;
			sourceTree = "<group>";
		};
/* End PBXVariantGroup section */

/* Begin XCBuildConfiguration section */
		1261793723E66D4300820F9C /* Debug */ = {
			isa = XCBuildConfiguration;
			buildSettings = {
				ALWAYS_SEARCH_USER_PATHS = NO;
				CLANG_ANALYZER_NONNULL = YES;
				CLANG_ANALYZER_NUMBER_OBJECT_CONVERSION = YES_AGGRESSIVE;
				CLANG_CXX_LANGUAGE_STANDARD = "gnu++14";
				CLANG_CXX_LIBRARY = "libc++";
				CLANG_ENABLE_MODULES = YES;
				CLANG_ENABLE_OBJC_ARC = YES;
				CLANG_ENABLE_OBJC_WEAK = YES;
				CLANG_WARN_BLOCK_CAPTURE_AUTORELEASING = YES;
				CLANG_WARN_BOOL_CONVERSION = YES;
				CLANG_WARN_COMMA = YES;
				CLANG_WARN_CONSTANT_CONVERSION = YES;
				CLANG_WARN_DEPRECATED_OBJC_IMPLEMENTATIONS = YES;
				CLANG_WARN_DIRECT_OBJC_ISA_USAGE = YES_ERROR;
				CLANG_WARN_DOCUMENTATION_COMMENTS = YES;
				CLANG_WARN_EMPTY_BODY = YES;
				CLANG_WARN_ENUM_CONVERSION = YES;
				CLANG_WARN_INFINITE_RECURSION = YES;
				CLANG_WARN_INT_CONVERSION = YES;
				CLANG_WARN_NON_LITERAL_NULL_CONVERSION = YES;
				CLANG_WARN_OBJC_IMPLICIT_RETAIN_SELF = YES;
				CLANG_WARN_OBJC_LITERAL_CONVERSION = YES;
				CLANG_WARN_OBJC_ROOT_CLASS = YES_ERROR;
				CLANG_WARN_RANGE_LOOP_ANALYSIS = YES;
				CLANG_WARN_STRICT_PROTOTYPES = YES;
				CLANG_WARN_SUSPICIOUS_MOVE = YES;
				CLANG_WARN_UNGUARDED_AVAILABILITY = YES_AGGRESSIVE;
				CLANG_WARN_UNREACHABLE_CODE = YES;
				CLANG_WARN__DUPLICATE_METHOD_MATCH = YES;
				COPY_PHASE_STRIP = NO;
				DEBUG_INFORMATION_FORMAT = dwarf;
				ENABLE_STRICT_OBJC_MSGSEND = YES;
				ENABLE_TESTABILITY = YES;
				GCC_C_LANGUAGE_STANDARD = gnu11;
				GCC_DYNAMIC_NO_PIC = NO;
				GCC_NO_COMMON_BLOCKS = YES;
				GCC_OPTIMIZATION_LEVEL = 0;
				GCC_PREPROCESSOR_DEFINITIONS = (
					"DEBUG=1",
					"$(inherited)",
				);
				GCC_WARN_64_TO_32_BIT_CONVERSION = YES;
				GCC_WARN_ABOUT_RETURN_TYPE = YES_ERROR;
				GCC_WARN_UNDECLARED_SELECTOR = YES;
				GCC_WARN_UNINITIALIZED_AUTOS = YES_AGGRESSIVE;
				GCC_WARN_UNUSED_FUNCTION = YES;
				GCC_WARN_UNUSED_VARIABLE = YES;
				IPHONEOS_DEPLOYMENT_TARGET = 13.2;
				MTL_ENABLE_DEBUG_INFO = INCLUDE_SOURCE;
				MTL_FAST_MATH = YES;
				ONLY_ACTIVE_ARCH = YES;
				SDKROOT = iphoneos;
				SWIFT_ACTIVE_COMPILATION_CONDITIONS = DEBUG;
				SWIFT_OPTIMIZATION_LEVEL = "-Onone";
			};
			name = Debug;
		};
		1261793823E66D4300820F9C /* Release */ = {
			isa = XCBuildConfiguration;
			buildSettings = {
				ALWAYS_SEARCH_USER_PATHS = NO;
				CLANG_ANALYZER_NONNULL = YES;
				CLANG_ANALYZER_NUMBER_OBJECT_CONVERSION = YES_AGGRESSIVE;
				CLANG_CXX_LANGUAGE_STANDARD = "gnu++14";
				CLANG_CXX_LIBRARY = "libc++";
				CLANG_ENABLE_MODULES = YES;
				CLANG_ENABLE_OBJC_ARC = YES;
				CLANG_ENABLE_OBJC_WEAK = YES;
				CLANG_WARN_BLOCK_CAPTURE_AUTORELEASING = YES;
				CLANG_WARN_BOOL_CONVERSION = YES;
				CLANG_WARN_COMMA = YES;
				CLANG_WARN_CONSTANT_CONVERSION = YES;
				CLANG_WARN_DEPRECATED_OBJC_IMPLEMENTATIONS = YES;
				CLANG_WARN_DIRECT_OBJC_ISA_USAGE = YES_ERROR;
				CLANG_WARN_DOCUMENTATION_COMMENTS = YES;
				CLANG_WARN_EMPTY_BODY = YES;
				CLANG_WARN_ENUM_CONVERSION = YES;
				CLANG_WARN_INFINITE_RECURSION = YES;
				CLANG_WARN_INT_CONVERSION = YES;
				CLANG_WARN_NON_LITERAL_NULL_CONVERSION = YES;
				CLANG_WARN_OBJC_IMPLICIT_RETAIN_SELF = YES;
				CLANG_WARN_OBJC_LITERAL_CONVERSION = YES;
				CLANG_WARN_OBJC_ROOT_CLASS = YES_ERROR;
				CLANG_WARN_RANGE_LOOP_ANALYSIS = YES;
				CLANG_WARN_STRICT_PROTOTYPES = YES;
				CLANG_WARN_SUSPICIOUS_MOVE = YES;
				CLANG_WARN_UNGUARDED_AVAILABILITY = YES_AGGRESSIVE;
				CLANG_WARN_UNREACHABLE_CODE = YES;
				CLANG_WARN__DUPLICATE_METHOD_MATCH = YES;
				COPY_PHASE_STRIP = NO;
				DEBUG_INFORMATION_FORMAT = "dwarf-with-dsym";
				ENABLE_NS_ASSERTIONS = NO;
				ENABLE_STRICT_OBJC_MSGSEND = YES;
				GCC_C_LANGUAGE_STANDARD = gnu11;
				GCC_NO_COMMON_BLOCKS = YES;
				GCC_WARN_64_TO_32_BIT_CONVERSION = YES;
				GCC_WARN_ABOUT_RETURN_TYPE = YES_ERROR;
				GCC_WARN_UNDECLARED_SELECTOR = YES;
				GCC_WARN_UNINITIALIZED_AUTOS = YES_AGGRESSIVE;
				GCC_WARN_UNUSED_FUNCTION = YES;
				GCC_WARN_UNUSED_VARIABLE = YES;
				IPHONEOS_DEPLOYMENT_TARGET = 13.2;
				MTL_ENABLE_DEBUG_INFO = NO;
				MTL_FAST_MATH = YES;
				SDKROOT = iphoneos;
				SWIFT_COMPILATION_MODE = wholemodule;
				SWIFT_OPTIMIZATION_LEVEL = "-O";
				VALIDATE_PRODUCT = YES;
			};
			name = Release;
		};
		1261793A23E66D4300820F9C /* Debug */ = {
			isa = XCBuildConfiguration;
			baseConfigurationReference = C2804B80D166FFD0A150A449 /* Pods-flixster.debug.xcconfig */;
			buildSettings = {
				ASSETCATALOG_COMPILER_APPICON_NAME = AppIcon;
				CODE_SIGN_STYLE = Automatic;
				DEVELOPMENT_TEAM = J6PHRH5947;
				INFOPLIST_FILE = flixster/Info.plist;
				LD_RUNPATH_SEARCH_PATHS = (
					"$(inherited)",
					"@executable_path/Frameworks",
				);
				PRODUCT_BUNDLE_IDENTIFIER = soyonkim00.flixster;
				PRODUCT_NAME = "$(TARGET_NAME)";
				SWIFT_VERSION = 5.0;
				TARGETED_DEVICE_FAMILY = "1,2";
			};
			name = Debug;
		};
		1261793B23E66D4300820F9C /* Release */ = {
			isa = XCBuildConfiguration;
			baseConfigurationReference = 3932CBA938A64700B036E297 /* Pods-flixster.release.xcconfig */;
			buildSettings = {
				ASSETCATALOG_COMPILER_APPICON_NAME = AppIcon;
				CODE_SIGN_STYLE = Automatic;
				DEVELOPMENT_TEAM = J6PHRH5947;
				INFOPLIST_FILE = flixster/Info.plist;
				LD_RUNPATH_SEARCH_PATHS = (
					"$(inherited)",
					"@executable_path/Frameworks",
				);
				PRODUCT_BUNDLE_IDENTIFIER = soyonkim00.flixster;
				PRODUCT_NAME = "$(TARGET_NAME)";
				SWIFT_VERSION = 5.0;
				TARGETED_DEVICE_FAMILY = "1,2";
			};
			name = Release;
		};
		1261793D23E66D4300820F9C /* Debug */ = {
			isa = XCBuildConfiguration;
			baseConfigurationReference = FE83B0B2C10F371083700683 /* Pods-flixsterTests.debug.xcconfig */;
			buildSettings = {
				ALWAYS_EMBED_SWIFT_STANDARD_LIBRARIES = YES;
				BUNDLE_LOADER = "$(TEST_HOST)";
				CODE_SIGN_STYLE = Automatic;
				DEVELOPMENT_TEAM = J6PHRH5947;
				INFOPLIST_FILE = flixsterTests/Info.plist;
				IPHONEOS_DEPLOYMENT_TARGET = 13.2;
				LD_RUNPATH_SEARCH_PATHS = (
					"$(inherited)",
					"@executable_path/Frameworks",
					"@loader_path/Frameworks",
				);
				PRODUCT_BUNDLE_IDENTIFIER = soyonkim00.flixsterTests;
				PRODUCT_NAME = "$(TARGET_NAME)";
				SWIFT_VERSION = 5.0;
				TARGETED_DEVICE_FAMILY = "1,2";
				TEST_HOST = "$(BUILT_PRODUCTS_DIR)/flixster.app/flixster";
			};
			name = Debug;
		};
		1261793E23E66D4300820F9C /* Release */ = {
			isa = XCBuildConfiguration;
			baseConfigurationReference = 71578C98A9C9E63AADCACDBE /* Pods-flixsterTests.release.xcconfig */;
			buildSettings = {
				ALWAYS_EMBED_SWIFT_STANDARD_LIBRARIES = YES;
				BUNDLE_LOADER = "$(TEST_HOST)";
				CODE_SIGN_STYLE = Automatic;
				DEVELOPMENT_TEAM = J6PHRH5947;
				INFOPLIST_FILE = flixsterTests/Info.plist;
				IPHONEOS_DEPLOYMENT_TARGET = 13.2;
				LD_RUNPATH_SEARCH_PATHS = (
					"$(inherited)",
					"@executable_path/Frameworks",
					"@loader_path/Frameworks",
				);
				PRODUCT_BUNDLE_IDENTIFIER = soyonkim00.flixsterTests;
				PRODUCT_NAME = "$(TARGET_NAME)";
				SWIFT_VERSION = 5.0;
				TARGETED_DEVICE_FAMILY = "1,2";
				TEST_HOST = "$(BUILT_PRODUCTS_DIR)/flixster.app/flixster";
			};
			name = Release;
		};
		1261794023E66D4300820F9C /* Debug */ = {
			isa = XCBuildConfiguration;
			baseConfigurationReference = 646CB5B21BE5E51A4F0A2FA0 /* Pods-flixster-flixsterUITests.debug.xcconfig */;
			buildSettings = {
				ALWAYS_EMBED_SWIFT_STANDARD_LIBRARIES = YES;
				CODE_SIGN_STYLE = Automatic;
				DEVELOPMENT_TEAM = J6PHRH5947;
				INFOPLIST_FILE = flixsterUITests/Info.plist;
				LD_RUNPATH_SEARCH_PATHS = (
					"$(inherited)",
					"@executable_path/Frameworks",
					"@loader_path/Frameworks",
				);
				PRODUCT_BUNDLE_IDENTIFIER = soyonkim00.flixsterUITests;
				PRODUCT_NAME = "$(TARGET_NAME)";
				SWIFT_VERSION = 5.0;
				TARGETED_DEVICE_FAMILY = "1,2";
				TEST_TARGET_NAME = flixster;
			};
			name = Debug;
		};
		1261794123E66D4300820F9C /* Release */ = {
			isa = XCBuildConfiguration;
			baseConfigurationReference = 3902AEB42D6177C69CAF7F5C /* Pods-flixster-flixsterUITests.release.xcconfig */;
			buildSettings = {
				ALWAYS_EMBED_SWIFT_STANDARD_LIBRARIES = YES;
				CODE_SIGN_STYLE = Automatic;
				DEVELOPMENT_TEAM = J6PHRH5947;
				INFOPLIST_FILE = flixsterUITests/Info.plist;
				LD_RUNPATH_SEARCH_PATHS = (
					"$(inherited)",
					"@executable_path/Frameworks",
					"@loader_path/Frameworks",
				);
				PRODUCT_BUNDLE_IDENTIFIER = soyonkim00.flixsterUITests;
				PRODUCT_NAME = "$(TARGET_NAME)";
				SWIFT_VERSION = 5.0;
				TARGETED_DEVICE_FAMILY = "1,2";
				TEST_TARGET_NAME = flixster;
			};
			name = Release;
		};
/* End XCBuildConfiguration section */

/* Begin XCConfigurationList section */
		1261790A23E66D4100820F9C /* Build configuration list for PBXProject "flixster" */ = {
			isa = XCConfigurationList;
			buildConfigurations = (
				1261793723E66D4300820F9C /* Debug */,
				1261793823E66D4300820F9C /* Release */,
			);
			defaultConfigurationIsVisible = 0;
			defaultConfigurationName = Release;
		};
		1261793923E66D4300820F9C /* Build configuration list for PBXNativeTarget "flixster" */ = {
			isa = XCConfigurationList;
			buildConfigurations = (
				1261793A23E66D4300820F9C /* Debug */,
				1261793B23E66D4300820F9C /* Release */,
			);
			defaultConfigurationIsVisible = 0;
			defaultConfigurationName = Release;
		};
		1261793C23E66D4300820F9C /* Build configuration list for PBXNativeTarget "flixsterTests" */ = {
			isa = XCConfigurationList;
			buildConfigurations = (
				1261793D23E66D4300820F9C /* Debug */,
				1261793E23E66D4300820F9C /* Release */,
			);
			defaultConfigurationIsVisible = 0;
			defaultConfigurationName = Release;
		};
		1261793F23E66D4300820F9C /* Build configuration list for PBXNativeTarget "flixsterUITests" */ = {
			isa = XCConfigurationList;
			buildConfigurations = (
				1261794023E66D4300820F9C /* Debug */,
				1261794123E66D4300820F9C /* Release */,
			);
			defaultConfigurationIsVisible = 0;
			defaultConfigurationName = Release;
		};
/* End XCConfigurationList section */
	};
	rootObject = 1261790723E66D4100820F9C /* Project object */;
}
